
Microsoft Visual Studio Solution File, Format Version 12.00
# Visual Studio Version 17
VisualStudioVersion = 17.4.33205.214
MinimumVisualStudioVersion = 10.0.40219.1
Project("{FAE04EC0-301F-11D3-BF4B-00C04F79EFBC}") = "GraphInConsole", "GraphInConsole\GraphInConsole.csproj", "{CFA97D88-6516-4091-A4F5-462E5C0F8D80}"
EndProject
Global
	GlobalSection(SolutionConfigurationPlatforms) = preSolution
		Debug|Any CPU = Debug|Any CPU
		Release|Any CPU = Release|Any CPU
	EndGlobalSection
	GlobalSection(ProjectConfigurationPlatforms) = postSolution
		{CFA97D88-6516-4091-A4F5-462E5C0F8D80}.Debug|Any CPU.ActiveCfg = Debug|Any CPU
		{CFA97D88-6516-4091-A4F5-462E5C0F8D80}.Debug|Any CPU.Build.0 = Debug|Any CPU
		{CFA97D88-6516-4091-A4F5-462E5C0F8D80}.Release|Any CPU.ActiveCfg = Release|Any CPU
		{CFA97D88-6516-4091-A4F5-462E5C0F8D80}.Release|Any CPU.Build.0 = Release|Any CPU
	EndGlobalSection
	GlobalSection(SolutionProperties) = preSolution
		HideSolutionNode = FALSE
	EndGlobalSection
	GlobalSection(ExtensibilityGlobals) = postSolution
		SolutionGuid = {363FD150-0400-490D-B229-558BCDFDA3BA}
	EndGlobalSection
EndGlobal
